// !$*UTF8*$!
{
	archiveVersion = 1;
	classes = {
	};
	objectVersion = 46;
	objects = {

/* Begin PBXBuildFile section */
		1B63F4B0194A994100F7F0B5 /* main.swift in Sources */ = {isa = PBXBuildFile; fileRef = 1B63F4AF194A994100F7F0B5 /* main.swift */; };
		1B63F4B2194A994200F7F0B5 /* AppDelegate.swift in Sources */ = {isa = PBXBuildFile; fileRef = 1B63F4B1194A994200F7F0B5 /* AppDelegate.swift */; };
		1B63F4B4194A994200F7F0B5 /* Images.xcassets in Resources */ = {isa = PBXBuildFile; fileRef = 1B63F4B3194A994200F7F0B5 /* Images.xcassets */; };
		1B63F4B7194A994200F7F0B5 /* MainMenu.xib in Resources */ = {isa = PBXBuildFile; fileRef = 1B63F4B5194A994200F7F0B5 /* MainMenu.xib */; };
		1B63F4C3194A994200F7F0B5 /* LockitoTests.swift in Sources */ = {isa = PBXBuildFile; fileRef = 1B63F4C2194A994200F7F0B5 /* LockitoTests.swift */; };
		1B63F4CF194A996A00F7F0B5 /* Foundation.framework in Frameworks */ = {isa = PBXBuildFile; fileRef = 1B63F4CE194A996A00F7F0B5 /* Foundation.framework */; };
		1B63F4D5194A9E5B00F7F0B5 /* IOBluetooth.framework in Frameworks */ = {isa = PBXBuildFile; fileRef = 1B63F4D4194A9E5B00F7F0B5 /* IOBluetooth.framework */; };
/* End PBXBuildFile section */

/* Begin PBXContainerItemProxy section */
		1B63F4BD194A994200F7F0B5 /* PBXContainerItemProxy */ = {
			isa = PBXContainerItemProxy;
			containerPortal = 1B63F4A2194A994100F7F0B5 /* Project object */;
			proxyType = 1;
			remoteGlobalIDString = 1B63F4A9194A994100F7F0B5;
			remoteInfo = Lockito;
		};
/* End PBXContainerItemProxy section */

/* Begin PBXFileReference section */
		1B63F4AA194A994100F7F0B5 /* Lockito.app */ = {isa = PBXFileReference; explicitFileType = wrapper.application; includeInIndex = 0; path = Lockito.app; sourceTree = BUILT_PRODUCTS_DIR; };
		1B63F4AE194A994100F7F0B5 /* Info.plist */ = {isa = PBXFileReference; lastKnownFileType = text.plist.xml; path = Info.plist; sourceTree = "<group>"; };
		1B63F4AF194A994100F7F0B5 /* main.swift */ = {isa = PBXFileReference; lastKnownFileType = sourcecode.swift; path = main.swift; sourceTree = "<group>"; };
		1B63F4B1194A994200F7F0B5 /* AppDelegate.swift */ = {isa = PBXFileReference; lastKnownFileType = sourcecode.swift; path = AppDelegate.swift; sourceTree = "<group>"; };
		1B63F4B3194A994200F7F0B5 /* Images.xcassets */ = {isa = PBXFileReference; lastKnownFileType = folder.assetcatalog; path = Images.xcassets; sourceTree = "<group>"; };
		1B63F4B6194A994200F7F0B5 /* Base */ = {isa = PBXFileReference; lastKnownFileType = file.xib; name = Base; path = Base.lproj/MainMenu.xib; sourceTree = "<group>"; };
		1B63F4BC194A994200F7F0B5 /* LockitoTests.xctest */ = {isa = PBXFileReference; explicitFileType = wrapper.cfbundle; includeInIndex = 0; path = LockitoTests.xctest; sourceTree = BUILT_PRODUCTS_DIR; };
		1B63F4C1194A994200F7F0B5 /* Info.plist */ = {isa = PBXFileReference; lastKnownFileType = text.plist.xml; path = Info.plist; sourceTree = "<group>"; };
		1B63F4C2194A994200F7F0B5 /* LockitoTests.swift */ = {isa = PBXFileReference; lastKnownFileType = sourcecode.swift; path = LockitoTests.swift; sourceTree = "<group>"; };
		1B63F4CE194A996A00F7F0B5 /* Foundation.framework */ = {isa = PBXFileReference; lastKnownFileType = wrapper.framework; name = Foundation.framework; path = System/Library/Frameworks/Foundation.framework; sourceTree = SDKROOT; };
		1B63F4D4194A9E5B00F7F0B5 /* IOBluetooth.framework */ = {isa = PBXFileReference; lastKnownFileType = wrapper.framework; name = IOBluetooth.framework; path = System/Library/Frameworks/IOBluetooth.framework; sourceTree = SDKROOT; };
/* End PBXFileReference section */

/* Begin PBXFrameworksBuildPhase section */
		1B63F4A7194A994100F7F0B5 /* Frameworks */ = {
			isa = PBXFrameworksBuildPhase;
			buildActionMask = 2147483647;
			files = (
				1B63F4D5194A9E5B00F7F0B5 /* IOBluetooth.framework in Frameworks */,
				1B63F4CF194A996A00F7F0B5 /* Foundation.framework in Frameworks */,
			);
			runOnlyForDeploymentPostprocessing = 0;
		};
		1B63F4B9194A994200F7F0B5 /* Frameworks */ = {
			isa = PBXFrameworksBuildPhase;
			buildActionMask = 2147483647;
			files = (
			);
			runOnlyForDeploymentPostprocessing = 0;
		};
/* End PBXFrameworksBuildPhase section */

/* Begin PBXGroup section */
		1B63F4A1194A994100F7F0B5 = {
			isa = PBXGroup;
			children = (
				1B63F4D4194A9E5B00F7F0B5 /* IOBluetooth.framework */,
				1B63F4CE194A996A00F7F0B5 /* Foundation.framework */,
				1B63F4AC194A994100F7F0B5 /* Lockito */,
				1B63F4BF194A994200F7F0B5 /* LockitoTests */,
				1B63F4AB194A994100F7F0B5 /* Products */,
			);
			sourceTree = "<group>";
		};
		1B63F4AB194A994100F7F0B5 /* Products */ = {
			isa = PBXGroup;
			children = (
				1B63F4AA194A994100F7F0B5 /* Lockito.app */,
				1B63F4BC194A994200F7F0B5 /* LockitoTests.xctest */,
			);
			name = Products;
			sourceTree = "<group>";
		};
		1B63F4AC194A994100F7F0B5 /* Lockito */ = {
			isa = PBXGroup;
			children = (
				1B63F4B1194A994200F7F0B5 /* AppDelegate.swift */,
				1B63F4B3194A994200F7F0B5 /* Images.xcassets */,
				1B63F4B5194A994200F7F0B5 /* MainMenu.xib */,
				1B63F4AD194A994100F7F0B5 /* Supporting Files */,
			);
			path = Lockito;
			sourceTree = "<group>";
		};
		1B63F4AD194A994100F7F0B5 /* Supporting Files */ = {
			isa = PBXGroup;
			children = (
				1B63F4AE194A994100F7F0B5 /* Info.plist */,
				1B63F4AF194A994100F7F0B5 /* main.swift */,
			);
			name = "Supporting Files";
			sourceTree = "<group>";
		};
		1B63F4BF194A994200F7F0B5 /* LockitoTests */ = {
			isa = PBXGroup;
			children = (
				1B63F4C2194A994200F7F0B5 /* LockitoTests.swift */,
				1B63F4C0194A994200F7F0B5 /* Supporting Files */,
			);
			path = LockitoTests;
			sourceTree = "<group>";
		};
		1B63F4C0194A994200F7F0B5 /* Supporting Files */ = {
			isa = PBXGroup;
			children = (
				1B63F4C1194A994200F7F0B5 /* Info.plist */,
			);
			name = "Supporting Files";
			sourceTree = "<group>";
		};
/* End PBXGroup section */

/* Begin PBXNativeTarget section */
		1B63F4A9194A994100F7F0B5 /* Lockito */ = {
			isa = PBXNativeTarget;
			buildConfigurationList = 1B63F4C6194A994200F7F0B5 /* Build configuration list for PBXNativeTarget "Lockito" */;
			buildPhases = (
				1B63F4A6194A994100F7F0B5 /* Sources */,
				1B63F4A7194A994100F7F0B5 /* Frameworks */,
				1B63F4A8194A994100F7F0B5 /* Resources */,
			);
			buildRules = (
			);
			dependencies = (
			);
			name = Lockito;
			productName = Lockito;
			productReference = 1B63F4AA194A994100F7F0B5 /* Lockito.app */;
			productType = "com.apple.product-type.application";
		};
		1B63F4BB194A994200F7F0B5 /* LockitoTests */ = {
			isa = PBXNativeTarget;
			buildConfigurationList = 1B63F4C9194A994200F7F0B5 /* Build configuration list for PBXNativeTarget "LockitoTests" */;
			buildPhases = (
				1B63F4B8194A994200F7F0B5 /* Sources */,
				1B63F4B9194A994200F7F0B5 /* Frameworks */,
				1B63F4BA194A994200F7F0B5 /* Resources */,
			);
			buildRules = (
			);
			dependencies = (
				1B63F4BE194A994200F7F0B5 /* PBXTargetDependency */,
			);
			name = LockitoTests;
			productName = LockitoTests;
			productReference = 1B63F4BC194A994200F7F0B5 /* LockitoTests.xctest */;
			productType = "com.apple.product-type.bundle.unit-test";
		};
/* End PBXNativeTarget section */

/* Begin PBXProject section */
		1B63F4A2194A994100F7F0B5 /* Project object */ = {
			isa = PBXProject;
			attributes = {
				LastUpgradeCheck = 0600;
				ORGANIZATIONNAME = "Alexei Guevara";
				TargetAttributes = {
					1B63F4A9194A994100F7F0B5 = {
						CreatedOnToolsVersion = 6.0;
					};
					1B63F4BB194A994200F7F0B5 = {
						CreatedOnToolsVersion = 6.0;
						TestTargetID = 1B63F4A9194A994100F7F0B5;
					};
				};
			};
			buildConfigurationList = 1B63F4A5194A994100F7F0B5 /* Build configuration list for PBXProject "Lockito" */;
			compatibilityVersion = "Xcode 3.2";
			developmentRegion = English;
			hasScannedForEncodings = 0;
			knownRegions = (
				en,
				Base,
			);
			mainGroup = 1B63F4A1194A994100F7F0B5;
			productRefGroup = 1B63F4AB194A994100F7F0B5 /* Products */;
			projectDirPath = "";
			projectRoot = "";
			targets = (
				1B63F4A9194A994100F7F0B5 /* Lockito */,
				1B63F4BB194A994200F7F0B5 /* LockitoTests */,
			);
		};
/* End PBXProject section */

/* Begin PBXResourcesBuildPhase section */
		1B63F4A8194A994100F7F0B5 /* Resources */ = {
			isa = PBXResourcesBuildPhase;
			buildActionMask = 2147483647;
			files = (
				1B63F4B4194A994200F7F0B5 /* Images.xcassets in Resources */,
				1B63F4B7194A994200F7F0B5 /* MainMenu.xib in Resources */,
			);
			runOnlyForDeploymentPostprocessing = 0;
		};
		1B63F4BA194A994200F7F0B5 /* Resources */ = {
			isa = PBXResourcesBuildPhase;
			buildActionMask = 2147483647;
			files = (
			);
			runOnlyForDeploymentPostprocessing = 0;
		};
/* End PBXResourcesBuildPhase section */

/* Begin PBXSourcesBuildPhase section */
		1B63F4A6194A994100F7F0B5 /* Sources */ = {
			isa = PBXSourcesBuildPhase;
			buildActionMask = 2147483647;
			files = (
				1B63F4B2194A994200F7F0B5 /* AppDelegate.swift in Sources */,
				1B63F4B0194A994100F7F0B5 /* main.swift in Sources */,
			);
			runOnlyForDeploymentPostprocessing = 0;
		};
		1B63F4B8194A994200F7F0B5 /* Sources */ = {
			isa = PBXSourcesBuildPhase;
			buildActionMask = 2147483647;
			files = (
				1B63F4C3194A994200F7F0B5 /* LockitoTests.swift in Sources */,
			);
			runOnlyForDeploymentPostprocessing = 0;
		};
/* End PBXSourcesBuildPhase section */

/* Begin PBXTargetDependency section */
		1B63F4BE194A994200F7F0B5 /* PBXTargetDependency */ = {
			isa = PBXTargetDependency;
			target = 1B63F4A9194A994100F7F0B5 /* Lockito */;
			targetProxy = 1B63F4BD194A994200F7F0B5 /* PBXContainerItemProxy */;
		};
/* End PBXTargetDependency section */

/* Begin PBXVariantGroup section */
		1B63F4B5194A994200F7F0B5 /* MainMenu.xib */ = {
			isa = PBXVariantGroup;
			children = (
				1B63F4B6194A994200F7F0B5 /* Base */,
			);
			name = MainMenu.xib;
			sourceTree = "<group>";
		};
/* End PBXVariantGroup section */

/* Begin XCBuildConfiguration section */
		1B63F4C4194A994200F7F0B5 /* Debug */ = {
			isa = XCBuildConfiguration;
			buildSettings = {
				ALWAYS_SEARCH_USER_PATHS = NO;
				CLANG_CXX_LANGUAGE_STANDARD = "gnu++0x";
				CLANG_CXX_LIBRARY = "libc++";
				CLANG_ENABLE_MODULES = YES;
				CLANG_ENABLE_OBJC_ARC = YES;
				CLANG_WARN_BOOL_CONVERSION = YES;
				CLANG_WARN_CONSTANT_CONVERSION = YES;
				CLANG_WARN_DIRECT_OBJC_ISA_USAGE = YES_ERROR;
				CLANG_WARN_EMPTY_BODY = YES;
				CLANG_WARN_ENUM_CONVERSION = YES;
				CLANG_WARN_INT_CONVERSION = YES;
				CLANG_WARN_OBJC_ROOT_CLASS = YES_ERROR;
				CLANG_WARN_UNREACHABLE_CODE = YES;
				CLANG_WARN__DUPLICATE_METHOD_MATCH = YES;
				CODE_SIGN_IDENTITY = "-";
				COPY_PHASE_STRIP = NO;
				ENABLE_STRICT_OBJC_MSGSEND = YES;
				GCC_C_LANGUAGE_STANDARD = gnu99;
				GCC_DYNAMIC_NO_PIC = NO;
				GCC_OPTIMIZATION_LEVEL = 0;
				GCC_PREPROCESSOR_DEFINITIONS = (
					"DEBUG=1",
					"$(inherited)",
				);
				GCC_SYMBOLS_PRIVATE_EXTERN = NO;
				GCC_WARN_64_TO_32_BIT_CONVERSION = YES;
				GCC_WARN_ABOUT_RETURN_TYPE = YES_ERROR;
				GCC_WARN_UNDECLARED_SELECTOR = YES;
				GCC_WARN_UNINITIALIZED_AUTOS = YES_AGGRESSIVE;
				GCC_WARN_UNUSED_FUNCTION = YES;
				GCC_WARN_UNUSED_VARIABLE = YES;
				MACOSX_DEPLOYMENT_TARGET = 10.9;
				METAL_ENABLE_DEBUG_INFO = YES;
				ONLY_ACTIVE_ARCH = YES;
				SDKROOT = macosx10.9;
				SWIFT_OPTIMIZATION_LEVEL = "-Onone";
			};
			name = Debug;
		};
		1B63F4C5194A994200F7F0B5 /* Release */ = {
			isa = XCBuildConfiguration;
			buildSettings = {
				ALWAYS_SEARCH_USER_PATHS = NO;
				CLANG_CXX_LANGUAGE_STANDARD = "gnu++0x";
				CLANG_CXX_LIBRARY = "libc++";
				CLANG_ENABLE_MODULES = YES;
				CLANG_ENABLE_OBJC_ARC = YES;
				CLANG_WARN_BOOL_CONVERSION = YES;
				CLANG_WARN_CONSTANT_CONVERSION = YES;
				CLANG_WARN_DIRECT_OBJC_ISA_USAGE = YES_ERROR;
				CLANG_WARN_EMPTY_BODY = YES;
				CLANG_WARN_ENUM_CONVERSION = YES;
				CLANG_WARN_INT_CONVERSION = YES;
				CLANG_WARN_OBJC_ROOT_CLASS = YES_ERROR;
				CLANG_WARN_UNREACHABLE_CODE = YES;
				CLANG_WARN__DUPLICATE_METHOD_MATCH = YES;
				CODE_SIGN_IDENTITY = "-";
				COPY_PHASE_STRIP = YES;
				DEBUG_INFORMATION_FORMAT = "dwarf-with-dsym";
				ENABLE_NS_ASSERTIONS = NO;
				ENABLE_STRICT_OBJC_MSGSEND = YES;
				GCC_C_LANGUAGE_STANDARD = gnu99;
				GCC_WARN_64_TO_32_BIT_CONVERSION = YES;
				GCC_WARN_ABOUT_RETURN_TYPE = YES_ERROR;
				GCC_WARN_UNDECLARED_SELECTOR = YES;
				GCC_WARN_UNINITIALIZED_AUTOS = YES_AGGRESSIVE;
				GCC_WARN_UNUSED_FUNCTION = YES;
				GCC_WARN_UNUSED_VARIABLE = YES;
				MACOSX_DEPLOYMENT_TARGET = 10.9;
				METAL_ENABLE_DEBUG_INFO = NO;
				SDKROOT = macosx10.9;
			};
			name = Release;
		};
		1B63F4C7194A994200F7F0B5 /* Debug */ = {
			isa = XCBuildConfiguration;
			buildSettings = {
				ASSETCATALOG_COMPILER_APPICON_NAME = AppIcon;
				COMBINE_HIDPI_IMAGES = YES;
				FRAMEWORK_SEARCH_PATHS = (
					"$(inherited)",
					"$(SYSTEM_LIBRARY_DIR)/Frameworks/IOBluetooth.framework/Versions/A/Frameworks",
				);
				INFOPLIST_FILE = Lockito/Info.plist;
				LD_RUNPATH_SEARCH_PATHS = "$(inherited) @executable_path/../Frameworks";
				MACOSX_DEPLOYMENT_TARGET = 10.9;
				PRODUCT_NAME = "$(TARGET_NAME)";
			};
			name = Debug;
		};
		1B63F4C8194A994200F7F0B5 /* Release */ = {
			isa = XCBuildConfiguration;
			buildSettings = {
				ASSETCATALOG_COMPILER_APPICON_NAME = AppIcon;
				COMBINE_HIDPI_IMAGES = YES;
				FRAMEWORK_SEARCH_PATHS = (
					"$(inherited)",
					"$(SYSTEM_LIBRARY_DIR)/Frameworks/IOBluetooth.framework/Versions/A/Frameworks",
				);
				INFOPLIST_FILE = Lockito/Info.plist;
				LD_RUNPATH_SEARCH_PATHS = "$(inherited) @executable_path/../Frameworks";
				MACOSX_DEPLOYMENT_TARGET = 10.9;
				PRODUCT_NAME = "$(TARGET_NAME)";
			};
			name = Release;
		};
		1B63F4CA194A994200F7F0B5 /* Debug */ = {
			isa = XCBuildConfiguration;
			buildSettings = {
				BUNDLE_LOADER = "$(BUILT_PRODUCTS_DIR)/Lockito.app/Contents/MacOS/Lockito";
				COMBINE_HIDPI_IMAGES = YES;
				FRAMEWORK_SEARCH_PATHS = (
					"$(DEVELOPER_FRAMEWORKS_DIR)",
					"$(inherited)",
				);
				GCC_PREPROCESSOR_DEFINITIONS = (
					"DEBUG=1",
					"$(inherited)",
				);
				INFOPLIST_FILE = LockitoTests/Info.plist;
				LD_RUNPATH_SEARCH_PATHS = "$(inherited) @executable_path/../Frameworks @loader_path/../Frameworks";
				METAL_ENABLE_DEBUG_INFO = YES;
				PRODUCT_NAME = "$(TARGET_NAME)";
				TEST_HOST = "$(BUNDLE_LOADER)";
			};
			name = Debug;
		};
		1B63F4CB194A994200F7F0B5 /* Release */ = {
			isa = XCBuildConfiguration;
			buildSettings = {
				BUNDLE_LOADER = "$(BUILT_PRODUCTS_DIR)/Lockito.app/Contents/MacOS/Lockito";
				COMBINE_HIDPI_IMAGES = YES;
				FRAMEWORK_SEARCH_PATHS = (
					"$(DEVELOPER_FRAMEWORKS_DIR)",
					"$(inherited)",
				);
				INFOPLIST_FILE = LockitoTests/Info.plist;
				LD_RUNPATH_SEARCH_PATHS = "$(inherited) @executable_path/../Frameworks @loader_path/../Frameworks";
				METAL_ENABLE_DEBUG_INFO = NO;
				PRODUCT_NAME = "$(TARGET_NAME)";
				TEST_HOST = "$(BUNDLE_LOADER)";
			};
			name = Release;
		};
/* End XCBuildConfiguration section */

/* Begin XCConfigurationList section */
		1B63F4A5194A994100F7F0B5 /* Build configuration list for PBXProject "Lockito" */ = {
			isa = XCConfigurationList;
			buildConfigurations = (
				1B63F4C4194A994200F7F0B5 /* Debug */,
				1B63F4C5194A994200F7F0B5 /* Release */,
			);
			defaultConfigurationIsVisible = 0;
			defaultConfigurationName = Release;
		};
		1B63F4C6194A994200F7F0B5 /* Build configuration list for PBXNativeTarget "Lockito" */ = {
			isa = XCConfigurationList;
			buildConfigurations = (
				1B63F4C7194A994200F7F0B5 /* Debug */,
				1B63F4C8194A994200F7F0B5 /* Release */,
			);
			defaultConfigurationIsVisible = 0;
			defaultConfigurationName = Release;
		};
		1B63F4C9194A994200F7F0B5 /* Build configuration list for PBXNativeTarget "LockitoTests" */ = {
			isa = XCConfigurationList;
			buildConfigurations = (
				1B63F4CA194A994200F7F0B5 /* Debug */,
				1B63F4CB194A994200F7F0B5 /* Release */,
			);
			defaultConfigurationIsVisible = 0;
			defaultConfigurationName = Release;
		};
/* End XCConfigurationList section */
	};
	rootObject = 1B63F4A2194A994100F7F0B5 /* Project object */;
}
